
Microsoft Visual Studio Solution File, Format Version 12.00
# Visual Studio 14
VisualStudioVersion = 14.0.25420.1
MinimumVisualStudioVersion = 10.0.40219.1
Project("{FAE04EC0-301F-11D3-BF4B-00C04F79EFBC}") = "1_Receive", "1_Receive\1_Receive.csproj", "{537F01E4-8975-42C3-95D0-D4040C01F798}"
EndProject
Project("{FAE04EC0-301F-11D3-BF4B-00C04F79EFBC}") = "1_Send", "1_Send\1_Send.csproj", "{DEBF7FAD-297A-413F-B63D-A8D0FC5ADD9C}"
EndProject
Project("{FAE04EC0-301F-11D3-BF4B-00C04F79EFBC}") = "2_ReceiveByteMessage", "2_ReceiveByteMessage\2_ReceiveByteMessage.csproj", "{89B978B1-2BA2-4EBE-81D0-7E77C785D439}"
EndProject
Project("{2150E333-8FDC-42A3-9474-1A3956D46DE8}") = "Solution Items", "Solution Items", "{1B72E318-A442-4C35-92F8-E256A80858C4}"
	ProjectSection(SolutionItems) = preProject
		README.MD = README.MD
		SSN_README.md = SSN_README.md
	EndProjectSection
EndProject
Project("{FAE04EC0-301F-11D3-BF4B-00C04F79EFBC}") = "2_SendByteMessage", "2_SendByteMessage\2_SendByteMessage.csproj", "{A690659C-93C2-4707-BD37-16E9B78174C9}"
EndProject
Global
	GlobalSection(SolutionConfigurationPlatforms) = preSolution
		Debug|Any CPU = Debug|Any CPU
		Release|Any CPU = Release|Any CPU
	EndGlobalSection
	GlobalSection(ProjectConfigurationPlatforms) = postSolution
		{537F01E4-8975-42C3-95D0-D4040C01F798}.Debug|Any CPU.ActiveCfg = Debug|Any CPU
		{537F01E4-8975-42C3-95D0-D4040C01F798}.Debug|Any CPU.Build.0 = Debug|Any CPU
		{537F01E4-8975-42C3-95D0-D4040C01F798}.Release|Any CPU.ActiveCfg = Release|Any CPU
		{537F01E4-8975-42C3-95D0-D4040C01F798}.Release|Any CPU.Build.0 = Release|Any CPU
		{DEBF7FAD-297A-413F-B63D-A8D0FC5ADD9C}.Debug|Any CPU.ActiveCfg = Debug|Any CPU
		{DEBF7FAD-297A-413F-B63D-A8D0FC5ADD9C}.Debug|Any CPU.Build.0 = Debug|Any CPU
		{DEBF7FAD-297A-413F-B63D-A8D0FC5ADD9C}.Release|Any CPU.ActiveCfg = Release|Any CPU
		{DEBF7FAD-297A-413F-B63D-A8D0FC5ADD9C}.Release|Any CPU.Build.0 = Release|Any CPU
		{89B978B1-2BA2-4EBE-81D0-7E77C785D439}.Debug|Any CPU.ActiveCfg = Debug|Any CPU
		{89B978B1-2BA2-4EBE-81D0-7E77C785D439}.Debug|Any CPU.Build.0 = Debug|Any CPU
		{89B978B1-2BA2-4EBE-81D0-7E77C785D439}.Release|Any CPU.ActiveCfg = Release|Any CPU
		{89B978B1-2BA2-4EBE-81D0-7E77C785D439}.Release|Any CPU.Build.0 = Release|Any CPU
		{A690659C-93C2-4707-BD37-16E9B78174C9}.Debug|Any CPU.ActiveCfg = Debug|Any CPU
		{A690659C-93C2-4707-BD37-16E9B78174C9}.Debug|Any CPU.Build.0 = Debug|Any CPU
		{A690659C-93C2-4707-BD37-16E9B78174C9}.Release|Any CPU.ActiveCfg = Release|Any CPU
		{A690659C-93C2-4707-BD37-16E9B78174C9}.Release|Any CPU.Build.0 = Release|Any CPU
	EndGlobalSection
	GlobalSection(SolutionProperties) = preSolution
		HideSolutionNode = FALSE
	EndGlobalSection
EndGlobal
